# This file is automatically @generated by Cargo.
# It is not intended for manual editing.
version = 3

[[package]]
name = "pulse-arbitration"
version = "0.1.0"
dependencies = [
 "pulse-domain",
 "pulse-routing",
 "pulse-testkit",
]

[[package]]
name = "pulse-domain"
version = "0.1.0"

[[package]]
name = "pulse-fuel"
version = "0.1.0"
dependencies = [
 "pulse-domain",
]

[[package]]
name = "pulse-protocol"
version = "0.1.0"
dependencies = [
 "pulse-domain",
]

[[package]]
name = "pulse-reducer"
version = "0.1.0"
dependencies = [
 "pulse-domain",
 "pulse-protocol",
 "pulse-testkit",
]

[[package]]
name = "pulse-routing"
version = "0.1.0"
dependencies = [
 "pulse-domain",
]

[[package]]
name = "pulse-testkit"
version = "0.1.0"
dependencies = [
 "pulse-arbitration",
 "pulse-domain",
 "pulse-fuel",
 "pulse-protocol",
 "pulse-reducer",
 "pulse-routing",
]
